{
  "name": "kachat-gift-service",
  "version": "0.1.0",
  "lockfileVersion": 3,
  "requires": true,
  "packages": {
    "": {
      "name": "kachat-gift-service",
      "version": "0.1.0",
      "license": "MIT",
      "dependencies": {
        "kaspa-wasm": "0.13.0"
      },
      "engines": {
        "node": ">=22"
      }
    },
    "node_modules/kaspa-wasm": {
      "version": "0.13.0",
      "resolved": "https://registry.npmjs.org/kaspa-wasm/-/kaspa-wasm-0.13.0.tgz",
      "integrity": "sha512-PvHeFWezBnX5xAwOwnWGl2Xxu7rvynfd4FGTgkQrPK2nWWdysLZyx7TuFld/keQ89E6ndhsUpWUAAG/0itMksg==",
      "license": "MIT/Apache-2.0"
    }
  }
}
